diff --cc flake.lock
index 5a63fe9,44c1b1d..0000000
--- a/flake.lock
+++ b/flake.lock
@@@ -806,11 -824,11 +824,19 @@@
      },
      "nixpkgs-unstable": {
        "locked": {
++<<<<<<< HEAD
 +        "lastModified": 1736085038,
 +        "narHash": "sha256-mUTe9RG0Ii+PpsOwbR5pCru53ryWHemgUA+xVThJoY0=",
 +        "owner": "nixos",
 +        "repo": "nixpkgs",
 +        "rev": "a408375f5c0065616d68d9f938586b97f60f4ecd",
++=======
+         "lastModified": 1736105538,
+         "narHash": "sha256-5Xq1qterIrUiAoDa0B4hTa5unybkIoZVajM49Q2ge6A=",
+         "owner": "nixos",
+         "repo": "nixpkgs",
+         "rev": "64cfcd064a5a6156afc48f5ea85bac5e86d36768",
++>>>>>>> a7fb225 (FEAT: Podman and Virt-Manager)
          "type": "github"
        },
        "original": {
@@@ -974,11 -1025,11 +1033,19 @@@
          "treefmt-nix": "treefmt-nix_2"
        },
        "locked": {
++<<<<<<< HEAD
 +        "lastModified": 1736084641,
 +        "narHash": "sha256-GQMZDBOR7a422XZK6XjoHBs5Qv7Iee9wYgw7lpwFeM4=",
 +        "owner": "nix-community",
 +        "repo": "NUR",
 +        "rev": "cee589df88c817ab9e3a944d65b0fa38c6dc1817",
++=======
+         "lastModified": 1736106327,
+         "narHash": "sha256-d+sLeI46QHFSHBpcCAb9vflRpFSMHc1qf9zdwsV0rv0=",
+         "owner": "nix-community",
+         "repo": "NUR",
+         "rev": "9dab1f5504098abcb0a85d23311cae0dbd6fccb6",
++>>>>>>> a7fb225 (FEAT: Podman and Virt-Manager)
          "type": "github"
        },
        "original": {
@@@ -1045,13 -1096,31 +1112,38 @@@
      },
      "rust-overlay": {
        "inputs": {
-         "nixpkgs": "nixpkgs_9"
+         "nixpkgs": "nixpkgs_10"
+       },
+       "locked": {
++<<<<<<< HEAD
++        "lastModified": 1736044260,
++        "narHash": "sha256-DTAr0mAd8AZwWgRtU9ZZFPz3DwNeoH/Oi/1QMSqc9YQ=",
++        "owner": "oxalica",
++        "repo": "rust-overlay",
++=======
+         "lastModified": 1734747996,
+         "narHash": "sha256-0DUuObdcPITVOMMymq2y6YlM++QEWXZO3cTm6RGYgL8=",
+         "owner": "oxalica",
+         "repo": "rust-overlay",
+         "rev": "f9086701f5f3d36b8e5f4a3b9c93579ebc2581e6",
+         "type": "github"
+       },
+       "original": {
+         "owner": "oxalica",
+         "repo": "rust-overlay",
+         "type": "github"
+       }
+     },
+     "rust-overlay_2": {
+       "inputs": {
+         "nixpkgs": "nixpkgs_11"
        },
        "locked": {
          "lastModified": 1736044260,
          "narHash": "sha256-DTAr0mAd8AZwWgRtU9ZZFPz3DwNeoH/Oi/1QMSqc9YQ=",
          "owner": "oxalica",
          "repo": "rust-overlay",
++>>>>>>> a7fb225 (FEAT: Podman and Virt-Manager)
          "rev": "c8ed24cc104ebbc218d992e208131e9f024b69f0",
          "type": "github"
        },
