lockfileVersion: '9.0'

settings:
  autoInstallPeers: true
  excludeLinksFromLockfile: false

importers:

  .:
    dependencies:
      opencode-ai:
        specifier: ^1.16.2
        version: 1.16.2

packages:

  opencode-ai@1.16.2:
    resolution: {integrity: sha512-70w3KxB0tKEA0Fy66McSXY3v5qv3AOX76PXdc0WxQBzEzizCpJtNBp3frMd5VJ+ASwrSe4DxmY3Ve/OByzriMw==}
    cpu: [arm64, x64]
    os: [darwin, linux, win32]
    hasBin: true

  opencode-darwin-arm64@1.16.2:
    resolution: {integrity: sha512-oJu1SSaXK1GZr14JWvLt9C+CH8+enonfuNerJG7jQcxkMxZCgS36Y4YJNMKYda7N+0u02j02b1y21/StQpo3xQ==}
    cpu: [arm64]
    os: [darwin]

  opencode-darwin-x64-baseline@1.16.2:
    resolution: {integrity: sha512-51vuOj6DpbkaR9UIYs0r/9QQrSuJuAabKU1JXIBINOXDbam4hquF9ppeW7Nbh4KTdrsxK7dt277tVn6zDoar6g==}
    cpu: [x64]
    os: [darwin]

  opencode-darwin-x64@1.16.2:
    resolution: {integrity: sha512-uqY+FPzJ/bT18eNuDYrR5TTA7VMMLbfX4lmFrJLCqUKnwBI/ePEdf0cbxQ4cF16figixb8NjR7VMncR9oFZ7FA==}
    cpu: [x64]
    os: [darwin]

  opencode-linux-arm64-musl@1.16.2:
    resolution: {integrity: sha512-0DDPAgfegptm3pzJGcoh/8Iv/Lq7Ew/GR0FHofpKEi71H5sNElzu2Qx2XOPfBxqLfEP3ReaIYKvFYroJXtHhdQ==}
    cpu: [arm64]
    os: [linux]
    libc: [musl]

  opencode-linux-arm64@1.16.2:
    resolution: {integrity: sha512-BwW0K+fAkf4iI+WbBwskct2LcDEZVxS5K+dNER6HcAqOkljVmTlqW/rnXw3/9ZFgKDMieZAi2J7wYhkMXV9z4g==}
    cpu: [arm64]
    os: [linux]

  opencode-linux-x64-baseline-musl@1.16.2:
    resolution: {integrity: sha512-LqQ8rzUc35i2Ey6JsTu/vwTqlHWMk6DcTvCdj9RPyHHz9bzTgfwpvKqXMLYQr74rhaSWkSaSaSi+iELakWlg7Q==}
    cpu: [x64]
    os: [linux]
    libc: [musl]

  opencode-linux-x64-baseline@1.16.2:
    resolution: {integrity: sha512-6ethaqt1i/eSE7HaKxabo3K0rfE8JYYFQmBDvCXF0Du32irmpXX7CrA+3qQ1/6j/gg0epFhDq/b0HSFMAoCDWw==}
    cpu: [x64]
    os: [linux]

  opencode-linux-x64-musl@1.16.2:
    resolution: {integrity: sha512-oPHAOptdQ0d346AoiBZ5/TIJS3QqMV7uUFSIFcH7AHisx7EBNNfVmZ+Qcq7oJmNNXaHlV2Uf/vkL5H4aX3E9Ww==}
    cpu: [x64]
    os: [linux]
    libc: [musl]

  opencode-linux-x64@1.16.2:
    resolution: {integrity: sha512-O+EKhZ0xGrmxP0v1UuW62FbMborzrYnQ3rKy/ulYWfz9TGhUxu7gSWceBcASXx00T6HM94ob8atE8MnfEzZ0Qg==}
    cpu: [x64]
    os: [linux]

  opencode-windows-arm64@1.16.2:
    resolution: {integrity: sha512-yS/Tzmci60z5JVqyCTdDxvAwgM5gAhL4uAkNpZ8bqNy8gXK7QIrLIH4waiHyOFYwg0cWPS/nwUP4R+0o170wew==}
    cpu: [arm64]
    os: [win32]

  opencode-windows-x64-baseline@1.16.2:
    resolution: {integrity: sha512-GsqlwlU05rWqGU6Qxx9tDqR/EJtY08/PryjFXdLu5tLuNPNELhMLoVsgfXeZgo3lp0gA+RPqmW15Py48tbFEQA==}
    cpu: [x64]
    os: [win32]

  opencode-windows-x64@1.16.2:
    resolution: {integrity: sha512-QSfFS6dA62s6PWLHSQflZ7aFtSaRL/F4XIHDDdZi/m8Uu6/6dlqTVuDY2kInztEgz+c1r8WJwyhOcSBDjgoOUg==}
    cpu: [x64]
    os: [win32]

snapshots:

  opencode-ai@1.16.2:
    optionalDependencies:
      opencode-darwin-arm64: 1.16.2
      opencode-darwin-x64: 1.16.2
      opencode-darwin-x64-baseline: 1.16.2
      opencode-linux-arm64: 1.16.2
      opencode-linux-arm64-musl: 1.16.2
      opencode-linux-x64: 1.16.2
      opencode-linux-x64-baseline: 1.16.2
      opencode-linux-x64-baseline-musl: 1.16.2
      opencode-linux-x64-musl: 1.16.2
      opencode-windows-arm64: 1.16.2
      opencode-windows-x64: 1.16.2
      opencode-windows-x64-baseline: 1.16.2

  opencode-darwin-arm64@1.16.2:
    optional: true

  opencode-darwin-x64-baseline@1.16.2:
    optional: true

  opencode-darwin-x64@1.16.2:
    optional: true

  opencode-linux-arm64-musl@1.16.2:
    optional: true

  opencode-linux-arm64@1.16.2:
    optional: true

  opencode-linux-x64-baseline-musl@1.16.2:
    optional: true

  opencode-linux-x64-baseline@1.16.2:
    optional: true

  opencode-linux-x64-musl@1.16.2:
    optional: true

  opencode-linux-x64@1.16.2:
    optional: true

  opencode-windows-arm64@1.16.2:
    optional: true

  opencode-windows-x64-baseline@1.16.2:
    optional: true

  opencode-windows-x64@1.16.2:
    optional: true
